{
  "name": "prerender-alpine",
  "version": "6.1.0",
  "lockfileVersion": 1,
  "requires": true,
  "dependencies": {
    "prerender-request-blacklist": {
      "version": "1.0.2",
      "resolved": "https://registry.npmjs.org/prerender-request-blacklist/-/prerender-request-blacklist-1.0.2.tgz",
      "integrity": "sha512-Tkn9ASB26u+vR3jIgVlXGWfRxn7+IhzQ2nILL6gI3+bdT4hvq3/lPyusEiT2p+ywF850sEfDd3+4TPzYQgWTpw=="
    }
  }
}
